hash: 94fbd1b397f61c7dafd248007a4f66ccbe122b743a7518bf6e926fe7e51c2692
updated: 2017-05-31T14:26:11.83174611-07:00
imports:
- name: github.com/Originate/exocom
  version: 8617578d835c134f25e595a8c0f5642ef397b4c5
  subpackages:
  - go/exocom-mock
  - go/exorelay
  - go/exoservice
  - go/structs
  - go/utils
- name: github.com/satori/go.uuid
  version: 5bf94b69c6b68ee1b541973bb8e1144db23a194b
- name: golang.org/x/net
  version: 55a3084c9119aeb9ba2437d595b0a7e9cb635da9
  subpackages:
  - websocket
testImports:
- name: gopkg.in/yaml.v2
  version: cd8b52f8269e0feb286dfeef29f8fe4d5b397e0b
