hash: 35a54fe55eaa8dd2c9953c72ed0dac99868330e88ff247843294dc6b2f45fe62
updated: 2017-06-01T10:12:36.361490359-07:00
imports:
- name: github.com/Originate/exocom
  version: d24bf79bd1d6f75357437d89ad7fb96c83562ea8
  subpackages:
  - go/exocom-mock
  - go/exorelay
  - go/exoservice
  - go/structs
  - go/utils
- name: github.com/satori/go.uuid
  version: 5bf94b69c6b68ee1b541973bb8e1144db23a194b
- name: golang.org/x/net
  version: 55a3084c9119aeb9ba2437d595b0a7e9cb635da9
  subpackages:
  - websocket
testImports:
- name: github.com/DATA-DOG/godog
  version: 92fbee719c9593813b24a6ef042bcad40324ede4
  subpackages:
  - colors
  - gherkin
- name: gopkg.in/yaml.v2
  version: cd8b52f8269e0feb286dfeef29f8fe4d5b397e0b
